# This file is automatically @generated by Cargo.
# It is not intended for manual editing.
version = 3

[[package]]
name = "splutter"
version = "0.1.0"

[[package]]
name = "splutter_cli"
version = "0.0.0"
dependencies = [
 "splutter",
 "splutter_sql",
]

[[package]]
name = "splutter_sql"
version = "0.1.0"
dependencies = [
 "splutter",
]
